schema: '2.0'
stages:
  data_ingestion:
    cmd: python src/cnnClassifier/pipeline/stage_01_data_ingestion.py
    deps:
    - path: config/config.yaml
      hash: md5
      md5: 6630d543e45a3a26be02b208aed16a01
      size: 563
    - path: src/cnnClassifier/pipeline/stage_01_data_ingestion.py
      hash: md5
      md5: ac0848a7b1464cc25e8232bd34f1073a
      size: 891
    outs:
    - path: artifacts/data_ingestion/Chest-CT-Scan-data
      hash: md5
      md5: 904fa45d934ce879b3b1933dca6cb2f1.dir
      size: 49247431
      nfiles: 343
  prepare_base_model:
    cmd: python src/cnnClassifier/pipeline/stage_02_prepare_base_model.py
    deps:
    - path: config/config.yaml
      hash: md5
      md5: 6630d543e45a3a26be02b208aed16a01
      size: 563
    - path: src/cnnClassifier/pipeline/stage_02_prepare_base_model.py
      hash: md5
      md5: 02b7459adc864a0e5779d0611c14442b
      size: 916
    params:
      params.yaml:
        CLASSES: 2
        IMAGE_SIZE:
        - 224
        - 224
        - 3
        INCLUDE_TOP: false
        LEARNING_RATE: 0.1
        WEIGHTS: imagenet
    outs:
    - path: artifacts/prepare_base_model
      hash: md5
      md5: 5079e09acfe6e409336c7a8eb738e6e0.dir
      size: 118053416
      nfiles: 2
  training:
    cmd: python src/cnnClassifier/pipeline/stage_03_model_trainer.py
    deps:
    - path: artifacts/data_ingestion/Chest-CT-Scan-data
      hash: md5
      md5: 904fa45d934ce879b3b1933dca6cb2f1.dir
      size: 49247431
      nfiles: 343
    - path: artifacts/prepare_base_model
      hash: md5
      md5: 5079e09acfe6e409336c7a8eb738e6e0.dir
      size: 118053416
      nfiles: 2
    - path: config/config.yaml
      hash: md5
      md5: 6630d543e45a3a26be02b208aed16a01
      size: 563
    - path: src/cnnClassifier/pipeline/stage_03_model_trainer.py
      hash: md5
      md5: 2ba6fa205b9662baba2ddd58de82ac45
      size: 823
    params:
      params.yaml:
        AUGMENTATION: false
        BATCH_SIZE: 16
        EPOCHS: 1
        IMAGE_SIZE:
        - 224
        - 224
        - 3
    outs:
    - path: artifacts/training/model.h5
      hash: md5
      md5: 45a0e26a33866ffd43dbbcae82436674
      size: 59135168
  evaluation:
    cmd: python src/cnnClassifier/pipeline/stage_04_model_evaluation_mlflow.py
    deps:
    - path: artifacts/data_ingestion/Chest-CT-Scan-data
      hash: md5
      md5: 904fa45d934ce879b3b1933dca6cb2f1.dir
      size: 49247431
      nfiles: 343
    - path: artifacts/training/model.h5
      hash: md5
      md5: 45a0e26a33866ffd43dbbcae82436674
      size: 59135168
    - path: config/config.yaml
      hash: md5
      md5: 6630d543e45a3a26be02b208aed16a01
      size: 563
    - path: src/cnnClassifier/pipeline/stage_04_model_evaluation_mlflow.py
      hash: md5
      md5: cdd21b8e6320eba510a0cb96a0ee72fc
      size: 799
    params:
      params.yaml:
        BATCH_SIZE: 16
        IMAGE_SIZE:
        - 224
        - 224
        - 3
    outs:
    - path: scores.json
      hash: md5
      md5: 5ff69cd43d7cbd26613af9d720709af6
      size: 70
